
Microsoft Visual Studio Solution File, Format Version 12.00
# Visual Studio Version 17
VisualStudioVersion = 17.11.35431.28
MinimumVisualStudioVersion = 10.0.40219.1
Project("{2150E333-8FDC-42A3-9474-1A3956D46DE8}") = "Clients", "Clients", "{C2493A67-7496-4A8E-8548-337B1EE7C127}"
EndProject
Project("{2150E333-8FDC-42A3-9474-1A3956D46DE8}") = "Source", "Source", "{5CF4AFAF-F192-4CE7-A62A-09490DEEB64E}"
EndProject
Project("{9A19103F-16F7-4668-BE54-9A1E7A4F7556}") = "SchoolSaas.Domain.Common", "Source\SchoolSaas.Domain.Common\SchoolSaas.Domain.Common.csproj", "{B462C371-3F9B-4BE0-937A-9DED8A6947A4}"
EndProject
Project("{9A19103F-16F7-4668-BE54-9A1E7A4F7556}") = "SchoolSaas.Application.Common", "Source\SchoolSaas.Application.Common\SchoolSaas.Application.Common.csproj", "{7906B91F-4E09-47D3-BAE8-E1CB800B573A}"
EndProject
Project("{9A19103F-16F7-4668-BE54-9A1E7A4F7556}") = "SchoolSaas.Infrastructure.Common", "Source\SchoolSaas.Infrastructure.Common\SchoolSaas.Infrastructure.Common.csproj", "{AC96492E-404B-4541-9718-75608FF26B04}"
EndProject
Project("{FAE04EC0-301F-11D3-BF4B-00C04F79EFBC}") = "SchoolSaas.Web.Common", "Source\SchoolSaas.Web.Common\SchoolSaas.Web.Common.csproj", "{F49FCA5F-0BFE-4B25-A5FE-151E6026F4F7}"
EndProject
Project("{2150E333-8FDC-42A3-9474-1A3956D46DE8}") = "Backoffice", "Backoffice", "{30B04926-915B-425B-A1F9-E782D15FF617}"
EndProject
Project("{FAE04EC0-301F-11D3-BF4B-00C04F79EFBC}") = "SchoolSaas.Domain.Backoffice", "Source\Backoffice\SchoolSaas.Domain.Backoffice\SchoolSaas.Domain.Backoffice.csproj", "{608B4C7D-06ED-402B-A4C5-0579AE1A049A}"
EndProject
Project("{FAE04EC0-301F-11D3-BF4B-00C04F79EFBC}") = "SchoolSaas.Application.Backoffice", "Source\Backoffice\SchoolSaas.Application.Backoffice\SchoolSaas.Application.Backoffice.csproj", "{B11FB45D-4EF6-44A1-BCD2-D83B470ED30A}"
EndProject
Project("{FAE04EC0-301F-11D3-BF4B-00C04F79EFBC}") = "SchoolSaas.Infrastructure.Backoffice", "Source\Backoffice\SchoolSaas.Infrastructure.Backoffice\SchoolSaas.Infrastructure.Backoffice.csproj", "{6B06DD4E-5D6D-4A04-94BA-9D4CFB192ECC}"
EndProject
Project("{FAE04EC0-301F-11D3-BF4B-00C04F79EFBC}") = "SchoolSaas.Web.Backoffice", "Source\Backoffice\SchoolSaas.Web.Backoffice\SchoolSaas.Web.Backoffice.csproj", "{0995E6BA-1F11-42DD-9214-4F3566078489}"
EndProject
Project("{2150E333-8FDC-42A3-9474-1A3956D46DE8}") = "EduLink", "EduLink", "{FBF7CBC9-94E7-425B-949E-55045C55F47E}"
EndProject
Project("{2150E333-8FDC-42A3-9474-1A3956D46DE8}") = "Identity", "Identity", "{27CAEA85-BD63-4344-98C3-292DC5325966}"
EndProject
Project("{FAE04EC0-301F-11D3-BF4B-00C04F79EFBC}") = "SchoolSaas.Application.Identity", "Source\Identity\SchoolSaas.Application.Identity\SchoolSaas.Application.Identity.csproj", "{FA426BCE-80B9-4356-B9BF-83CC5BFEA2BC}"
EndProject
Project("{FAE04EC0-301F-11D3-BF4B-00C04F79EFBC}") = "SchoolSaas.Infrastructure.Identity", "Source\Identity\SchoolSaas.Infrastructure.Identity\SchoolSaas.Infrastructure.Identity.csproj", "{9865961D-CAF8-445F-AEFE-EEFD244CDDB9}"
EndProject
Project("{FAE04EC0-301F-11D3-BF4B-00C04F79EFBC}") = "SchoolSaas.Web.Identity", "Source\Identity\SchoolSaas.Web.Identity\SchoolSaas.Web.Identity.csproj", "{61A484A9-ACF9-4190-9049-12F48EDCFD8D}"
EndProject
Project("{2150E333-8FDC-42A3-9474-1A3956D46DE8}") = "Testing", "Testing", "{02EA681E-C7D8-13C7-8484-4AC65E1B71E8}"
EndProject
Project("{FAE04EC0-301F-11D3-BF4B-00C04F79EFBC}") = "SchoolSaas.Tests", "Source\Testing\SchoolSaas.Tests\SchoolSaas.Tests.csproj", "{BDE74C24-E74A-4B56-AEE5-14814BA0CB7D}"
EndProject
Project("{2150E333-8FDC-42A3-9474-1A3956D46DE8}") = "IdentityFrontal", "IdentityFrontal", "{44C0CEC8-09C9-4F50-8045-12FA43787141}"
EndProject
Project("{2150E333-8FDC-42A3-9474-1A3956D46DE8}") = "Frontoffice", "Frontoffice", "{A03BF36D-3511-4F2F-B584-6134E00638FC}"
EndProject
Project("{FAE04EC0-301F-11D3-BF4B-00C04F79EFBC}") = "SchoolSaas.Web.Frontoffice", "Source\Frontoffice\SchoolSaas.Web.Frontoffice\SchoolSaas.Web.Frontoffice.csproj", "{B0E3F77B-ABF5-42FF-B750-DD4566C8FA3C}"
EndProject
Project("{FAE04EC0-301F-11D3-BF4B-00C04F79EFBC}") = "SchoolSaas.Application.Frontoffice", "Source\Frontoffice\SchoolSaas.Application.Frontoffice\SchoolSaas.Application.Frontoffice.csproj", "{4AF83ED0-AAFD-48C9-8D39-18B2894B40A8}"
EndProject
Project("{FAE04EC0-301F-11D3-BF4B-00C04F79EFBC}") = "SchoolSaas.Infrastructure.Frontoffice", "Source\Frontoffice\SchoolSaas.Infrastructure.Frontoffice\SchoolSaas.Infrastructure.Frontoffice.csproj", "{85045580-4E1A-4F56-8FC3-D0A9F2001ED3}"
EndProject
Project("{FAE04EC0-301F-11D3-BF4B-00C04F79EFBC}") = "SchoolSaas.Infrastructure.Edulink", "Source\Edulink\SchoolSaas.Infrastructure.Edulink\SchoolSaas.Infrastructure.Edulink.csproj", "{9EE8FB59-75A1-4394-AAF4-5416E145DE48}"
EndProject
Project("{FAE04EC0-301F-11D3-BF4B-00C04F79EFBC}") = "SchoolSaas.Application.Edulink", "Source\Edulink\SchoolSaas.Application.Edulink\SchoolSaas.Application.Edulink.csproj", "{CB78787A-A87E-4861-8DC0-AB9B7DDE60B0}"
EndProject
Project("{FAE04EC0-301F-11D3-BF4B-00C04F79EFBC}") = "SchoolSaas.Domain.Edulink", "Source\Edulink\SchoolSaas.Domain.Edulink\SchoolSaas.Domain.Edulink.csproj", "{4AEBCE94-3FC7-4BB8-9467-9C367D8A3764}"
EndProject
Project("{FAE04EC0-301F-11D3-BF4B-00C04F79EFBC}") = "SchoolSaas.Web.Edulink", "Source\Edulink\SchoolSaas.Web.Edulink\SchoolSaas.Web.Edulink.csproj", "{EF3DFCA7-118D-4541-89F5-B3FCFC9737CD}"
EndProject
Project("{FAE04EC0-301F-11D3-BF4B-00C04F79EFBC}") = "SchoolSaas.Web.IdentityFrontal", "Source\IdentityFrontal\SchoolSaas.Web.IdentityFrontal\SchoolSaas.Web.IdentityFrontal.csproj", "{34769983-4FB3-4F05-A85D-6E5E3C3DA1FD}"
EndProject
Global
	GlobalSection(SolutionConfigurationPlatforms) = preSolution
		Debug|Any CPU = Debug|Any CPU
		Release|Any CPU = Release|Any CPU
	EndGlobalSection
	GlobalSection(ProjectConfigurationPlatforms) = postSolution
		{B462C371-3F9B-4BE0-937A-9DED8A6947A4}.Debug|Any CPU.ActiveCfg = Debug|Any CPU
		{B462C371-3F9B-4BE0-937A-9DED8A6947A4}.Debug|Any CPU.Build.0 = Debug|Any CPU
		{B462C371-3F9B-4BE0-937A-9DED8A6947A4}.Release|Any CPU.ActiveCfg = Release|Any CPU
		{B462C371-3F9B-4BE0-937A-9DED8A6947A4}.Release|Any CPU.Build.0 = Release|Any CPU
		{7906B91F-4E09-47D3-BAE8-E1CB800B573A}.Debug|Any CPU.ActiveCfg = Debug|Any CPU
		{7906B91F-4E09-47D3-BAE8-E1CB800B573A}.Debug|Any CPU.Build.0 = Debug|Any CPU
		{7906B91F-4E09-47D3-BAE8-E1CB800B573A}.Release|Any CPU.ActiveCfg = Release|Any CPU
		{7906B91F-4E09-47D3-BAE8-E1CB800B573A}.Release|Any CPU.Build.0 = Release|Any CPU
		{AC96492E-404B-4541-9718-75608FF26B04}.Debug|Any CPU.ActiveCfg = Debug|Any CPU
		{AC96492E-404B-4541-9718-75608FF26B04}.Debug|Any CPU.Build.0 = Debug|Any CPU
		{AC96492E-404B-4541-9718-75608FF26B04}.Release|Any CPU.ActiveCfg = Release|Any CPU
		{AC96492E-404B-4541-9718-75608FF26B04}.Release|Any CPU.Build.0 = Release|Any CPU
		{F49FCA5F-0BFE-4B25-A5FE-151E6026F4F7}.Debug|Any CPU.ActiveCfg = Debug|Any CPU
		{F49FCA5F-0BFE-4B25-A5FE-151E6026F4F7}.Debug|Any CPU.Build.0 = Debug|Any CPU
		{F49FCA5F-0BFE-4B25-A5FE-151E6026F4F7}.Release|Any CPU.ActiveCfg = Release|Any CPU
		{F49FCA5F-0BFE-4B25-A5FE-151E6026F4F7}.Release|Any CPU.Build.0 = Release|Any CPU
		{608B4C7D-06ED-402B-A4C5-0579AE1A049A}.Debug|Any CPU.ActiveCfg = Debug|Any CPU
		{608B4C7D-06ED-402B-A4C5-0579AE1A049A}.Debug|Any CPU.Build.0 = Debug|Any CPU
		{608B4C7D-06ED-402B-A4C5-0579AE1A049A}.Release|Any CPU.ActiveCfg = Release|Any CPU
		{608B4C7D-06ED-402B-A4C5-0579AE1A049A}.Release|Any CPU.Build.0 = Release|Any CPU
		{B11FB45D-4EF6-44A1-BCD2-D83B470ED30A}.Debug|Any CPU.ActiveCfg = Debug|Any CPU
		{B11FB45D-4EF6-44A1-BCD2-D83B470ED30A}.Debug|Any CPU.Build.0 = Debug|Any CPU
		{B11FB45D-4EF6-44A1-BCD2-D83B470ED30A}.Release|Any CPU.ActiveCfg = Release|Any CPU
		{B11FB45D-4EF6-44A1-BCD2-D83B470ED30A}.Release|Any CPU.Build.0 = Release|Any CPU
		{6B06DD4E-5D6D-4A04-94BA-9D4CFB192ECC}.Debug|Any CPU.ActiveCfg = Debug|Any CPU
		{6B06DD4E-5D6D-4A04-94BA-9D4CFB192ECC}.Debug|Any CPU.Build.0 = Debug|Any CPU
		{6B06DD4E-5D6D-4A04-94BA-9D4CFB192ECC}.Release|Any CPU.ActiveCfg = Release|Any CPU
		{6B06DD4E-5D6D-4A04-94BA-9D4CFB192ECC}.Release|Any CPU.Build.0 = Release|Any CPU
		{0995E6BA-1F11-42DD-9214-4F3566078489}.Debug|Any CPU.ActiveCfg = Debug|Any CPU
		{0995E6BA-1F11-42DD-9214-4F3566078489}.Debug|Any CPU.Build.0 = Debug|Any CPU
		{0995E6BA-1F11-42DD-9214-4F3566078489}.Release|Any CPU.ActiveCfg = Release|Any CPU
		{0995E6BA-1F11-42DD-9214-4F3566078489}.Release|Any CPU.Build.0 = Release|Any CPU
		{FA426BCE-80B9-4356-B9BF-83CC5BFEA2BC}.Debug|Any CPU.ActiveCfg = Debug|Any CPU
		{FA426BCE-80B9-4356-B9BF-83CC5BFEA2BC}.Debug|Any CPU.Build.0 = Debug|Any CPU
		{FA426BCE-80B9-4356-B9BF-83CC5BFEA2BC}.Release|Any CPU.ActiveCfg = Release|Any CPU
		{FA426BCE-80B9-4356-B9BF-83CC5BFEA2BC}.Release|Any CPU.Build.0 = Release|Any CPU
		{9865961D-CAF8-445F-AEFE-EEFD244CDDB9}.Debug|Any CPU.ActiveCfg = Debug|Any CPU
		{9865961D-CAF8-445F-AEFE-EEFD244CDDB9}.Debug|Any CPU.Build.0 = Debug|Any CPU
		{9865961D-CAF8-445F-AEFE-EEFD244CDDB9}.Release|Any CPU.ActiveCfg = Release|Any CPU
		{9865961D-CAF8-445F-AEFE-EEFD244CDDB9}.Release|Any CPU.Build.0 = Release|Any CPU
		{61A484A9-ACF9-4190-9049-12F48EDCFD8D}.Debug|Any CPU.ActiveCfg = Debug|Any CPU
		{61A484A9-ACF9-4190-9049-12F48EDCFD8D}.Debug|Any CPU.Build.0 = Debug|Any CPU
		{61A484A9-ACF9-4190-9049-12F48EDCFD8D}.Release|Any CPU.ActiveCfg = Release|Any CPU
		{61A484A9-ACF9-4190-9049-12F48EDCFD8D}.Release|Any CPU.Build.0 = Release|Any CPU
		{BDE74C24-E74A-4B56-AEE5-14814BA0CB7D}.Debug|Any CPU.ActiveCfg = Debug|Any CPU
		{BDE74C24-E74A-4B56-AEE5-14814BA0CB7D}.Debug|Any CPU.Build.0 = Debug|Any CPU
		{BDE74C24-E74A-4B56-AEE5-14814BA0CB7D}.Release|Any CPU.ActiveCfg = Release|Any CPU
		{BDE74C24-E74A-4B56-AEE5-14814BA0CB7D}.Release|Any CPU.Build.0 = Release|Any CPU
		{B0E3F77B-ABF5-42FF-B750-DD4566C8FA3C}.Debug|Any CPU.ActiveCfg = Debug|Any CPU
		{B0E3F77B-ABF5-42FF-B750-DD4566C8FA3C}.Debug|Any CPU.Build.0 = Debug|Any CPU
		{B0E3F77B-ABF5-42FF-B750-DD4566C8FA3C}.Release|Any CPU.ActiveCfg = Release|Any CPU
		{B0E3F77B-ABF5-42FF-B750-DD4566C8FA3C}.Release|Any CPU.Build.0 = Release|Any CPU
		{4AF83ED0-AAFD-48C9-8D39-18B2894B40A8}.Debug|Any CPU.ActiveCfg = Debug|Any CPU
		{4AF83ED0-AAFD-48C9-8D39-18B2894B40A8}.Debug|Any CPU.Build.0 = Debug|Any CPU
		{4AF83ED0-AAFD-48C9-8D39-18B2894B40A8}.Release|Any CPU.ActiveCfg = Release|Any CPU
		{4AF83ED0-AAFD-48C9-8D39-18B2894B40A8}.Release|Any CPU.Build.0 = Release|Any CPU
		{85045580-4E1A-4F56-8FC3-D0A9F2001ED3}.Debug|Any CPU.ActiveCfg = Debug|Any CPU
		{85045580-4E1A-4F56-8FC3-D0A9F2001ED3}.Debug|Any CPU.Build.0 = Debug|Any CPU
		{85045580-4E1A-4F56-8FC3-D0A9F2001ED3}.Release|Any CPU.ActiveCfg = Release|Any CPU
		{85045580-4E1A-4F56-8FC3-D0A9F2001ED3}.Release|Any CPU.Build.0 = Release|Any CPU
		{9EE8FB59-75A1-4394-AAF4-5416E145DE48}.Debug|Any CPU.ActiveCfg = Debug|Any CPU
		{9EE8FB59-75A1-4394-AAF4-5416E145DE48}.Debug|Any CPU.Build.0 = Debug|Any CPU
		{9EE8FB59-75A1-4394-AAF4-5416E145DE48}.Release|Any CPU.ActiveCfg = Release|Any CPU
		{9EE8FB59-75A1-4394-AAF4-5416E145DE48}.Release|Any CPU.Build.0 = Release|Any CPU
		{CB78787A-A87E-4861-8DC0-AB9B7DDE60B0}.Debug|Any CPU.ActiveCfg = Debug|Any CPU
		{CB78787A-A87E-4861-8DC0-AB9B7DDE60B0}.Debug|Any CPU.Build.0 = Debug|Any CPU
		{CB78787A-A87E-4861-8DC0-AB9B7DDE60B0}.Release|Any CPU.ActiveCfg = Release|Any CPU
		{CB78787A-A87E-4861-8DC0-AB9B7DDE60B0}.Release|Any CPU.Build.0 = Release|Any CPU
		{4AEBCE94-3FC7-4BB8-9467-9C367D8A3764}.Debug|Any CPU.ActiveCfg = Debug|Any CPU
		{4AEBCE94-3FC7-4BB8-9467-9C367D8A3764}.Debug|Any CPU.Build.0 = Debug|Any CPU
		{4AEBCE94-3FC7-4BB8-9467-9C367D8A3764}.Release|Any CPU.ActiveCfg = Release|Any CPU
		{4AEBCE94-3FC7-4BB8-9467-9C367D8A3764}.Release|Any CPU.Build.0 = Release|Any CPU
		{EF3DFCA7-118D-4541-89F5-B3FCFC9737CD}.Debug|Any CPU.ActiveCfg = Debug|Any CPU
		{EF3DFCA7-118D-4541-89F5-B3FCFC9737CD}.Debug|Any CPU.Build.0 = Debug|Any CPU
		{EF3DFCA7-118D-4541-89F5-B3FCFC9737CD}.Release|Any CPU.ActiveCfg = Release|Any CPU
		{EF3DFCA7-118D-4541-89F5-B3FCFC9737CD}.Release|Any CPU.Build.0 = Release|Any CPU
		{34769983-4FB3-4F05-A85D-6E5E3C3DA1FD}.Debug|Any CPU.ActiveCfg = Debug|Any CPU
		{34769983-4FB3-4F05-A85D-6E5E3C3DA1FD}.Debug|Any CPU.Build.0 = Debug|Any CPU
		{34769983-4FB3-4F05-A85D-6E5E3C3DA1FD}.Release|Any CPU.ActiveCfg = Release|Any CPU
		{34769983-4FB3-4F05-A85D-6E5E3C3DA1FD}.Release|Any CPU.Build.0 = Release|Any CPU
	EndGlobalSection
	GlobalSection(SolutionProperties) = preSolution
		HideSolutionNode = FALSE
	EndGlobalSection
	GlobalSection(NestedProjects) = preSolution
		{C2493A67-7496-4A8E-8548-337B1EE7C127} = {5CF4AFAF-F192-4CE7-A62A-09490DEEB64E}
		{B462C371-3F9B-4BE0-937A-9DED8A6947A4} = {5CF4AFAF-F192-4CE7-A62A-09490DEEB64E}
		{7906B91F-4E09-47D3-BAE8-E1CB800B573A} = {5CF4AFAF-F192-4CE7-A62A-09490DEEB64E}
		{AC96492E-404B-4541-9718-75608FF26B04} = {5CF4AFAF-F192-4CE7-A62A-09490DEEB64E}
		{F49FCA5F-0BFE-4B25-A5FE-151E6026F4F7} = {5CF4AFAF-F192-4CE7-A62A-09490DEEB64E}
		{30B04926-915B-425B-A1F9-E782D15FF617} = {5CF4AFAF-F192-4CE7-A62A-09490DEEB64E}
		{608B4C7D-06ED-402B-A4C5-0579AE1A049A} = {30B04926-915B-425B-A1F9-E782D15FF617}
		{B11FB45D-4EF6-44A1-BCD2-D83B470ED30A} = {30B04926-915B-425B-A1F9-E782D15FF617}
		{6B06DD4E-5D6D-4A04-94BA-9D4CFB192ECC} = {30B04926-915B-425B-A1F9-E782D15FF617}
		{0995E6BA-1F11-42DD-9214-4F3566078489} = {30B04926-915B-425B-A1F9-E782D15FF617}
		{FBF7CBC9-94E7-425B-949E-55045C55F47E} = {5CF4AFAF-F192-4CE7-A62A-09490DEEB64E}
		{27CAEA85-BD63-4344-98C3-292DC5325966} = {5CF4AFAF-F192-4CE7-A62A-09490DEEB64E}
		{FA426BCE-80B9-4356-B9BF-83CC5BFEA2BC} = {27CAEA85-BD63-4344-98C3-292DC5325966}
		{9865961D-CAF8-445F-AEFE-EEFD244CDDB9} = {27CAEA85-BD63-4344-98C3-292DC5325966}
		{61A484A9-ACF9-4190-9049-12F48EDCFD8D} = {27CAEA85-BD63-4344-98C3-292DC5325966}
		{02EA681E-C7D8-13C7-8484-4AC65E1B71E8} = {5CF4AFAF-F192-4CE7-A62A-09490DEEB64E}
		{BDE74C24-E74A-4B56-AEE5-14814BA0CB7D} = {02EA681E-C7D8-13C7-8484-4AC65E1B71E8}
		{44C0CEC8-09C9-4F50-8045-12FA43787141} = {5CF4AFAF-F192-4CE7-A62A-09490DEEB64E}
		{A03BF36D-3511-4F2F-B584-6134E00638FC} = {5CF4AFAF-F192-4CE7-A62A-09490DEEB64E}
		{B0E3F77B-ABF5-42FF-B750-DD4566C8FA3C} = {A03BF36D-3511-4F2F-B584-6134E00638FC}
		{4AF83ED0-AAFD-48C9-8D39-18B2894B40A8} = {A03BF36D-3511-4F2F-B584-6134E00638FC}
		{85045580-4E1A-4F56-8FC3-D0A9F2001ED3} = {A03BF36D-3511-4F2F-B584-6134E00638FC}
		{9EE8FB59-75A1-4394-AAF4-5416E145DE48} = {FBF7CBC9-94E7-425B-949E-55045C55F47E}
		{CB78787A-A87E-4861-8DC0-AB9B7DDE60B0} = {FBF7CBC9-94E7-425B-949E-55045C55F47E}
		{4AEBCE94-3FC7-4BB8-9467-9C367D8A3764} = {FBF7CBC9-94E7-425B-949E-55045C55F47E}
		{EF3DFCA7-118D-4541-89F5-B3FCFC9737CD} = {FBF7CBC9-94E7-425B-949E-55045C55F47E}
		{34769983-4FB3-4F05-A85D-6E5E3C3DA1FD} = {44C0CEC8-09C9-4F50-8045-12FA43787141}
	EndGlobalSection
	GlobalSection(ExtensibilityGlobals) = postSolution
		SolutionGuid = {BA583C8C-D6F6-4F02-B780-8E1B6FAD338B}
	EndGlobalSection
EndGlobal
